// !$*UTF8*$!
{
	archiveVersion = 1;
	classes = {
	};
	objectVersion = 46;
	objects = {

/* Begin PBXBuildFile section */
		3C05E2371985C10D008C33E2 /* RBGroupViewController.m in Sources */ = {isa = PBXBuildFile; fileRef = 3C05E2361985C10D008C33E2 /* RBGroupViewController.m */; };
		3C064F8B19885DD0003BA399 /* CoreData.framework in Frameworks */ = {isa = PBXBuildFile; fileRef = 3C064F8A19885DD0003BA399 /* CoreData.framework */; };
		3C064F9019885EDB003BA399 /* CoreDataHelper.m in Sources */ = {isa = PBXBuildFile; fileRef = 3C064F8F19885EDB003BA399 /* CoreDataHelper.m */; };
		3C064F9319888B79003BA399 /* RBGroupTableViewCell.m in Sources */ = {isa = PBXBuildFile; fileRef = 3C064F9219888B79003BA399 /* RBGroupTableViewCell.m */; };
		3C18B363198702CB00EAA012 /* PasswordViewController.m in Sources */ = {isa = PBXBuildFile; fileRef = 3C18B362198702CB00EAA012 /* PasswordViewController.m */; };
		3C208B20199B0FF600BA9F68 /* LibraryRootViewController.m in Sources */ = {isa = PBXBuildFile; fileRef = 3C208B1F199B0FF600BA9F68 /* LibraryRootViewController.m */; };
		3C208B23199B111700BA9F68 /* GridCollectionViewController.m in Sources */ = {isa = PBXBuildFile; fileRef = 3C208B22199B111700BA9F68 /* GridCollectionViewController.m */; };
		3C208B26199B114100BA9F68 /* GridCollectionViewCell.m in Sources */ = {isa = PBXBuildFile; fileRef = 3C208B25199B114100BA9F68 /* GridCollectionViewCell.m */; };
		3C2119CC199D377D002533B1 /* FetchGroupCollectionVC.m in Sources */ = {isa = PBXBuildFile; fileRef = 3C2119CB199D377D002533B1 /* FetchGroupCollectionVC.m */; };
		3C2119CF199D4C39002533B1 /* CDDetailViewController.m in Sources */ = {isa = PBXBuildFile; fileRef = 3C2119CE199D4C39002533B1 /* CDDetailViewController.m */; };
		3C337642199C4D55001029A8 /* CDGroupCell.m in Sources */ = {isa = PBXBuildFile; fileRef = 3C337641199C4D55001029A8 /* CDGroupCell.m */; };
		3C67D6DD19846BF40043213D /* AssetsLibrary.framework in Frameworks */ = {isa = PBXBuildFile; fileRef = 3C67D6DC19846BF40043213D /* AssetsLibrary.framework */; };
		3C67D6E019847FCF0043213D /* RBLibraryTableViewCell.m in Sources */ = {isa = PBXBuildFile; fileRef = 3C67D6DF19847FCF0043213D /* RBLibraryTableViewCell.m */; };
		3C76786F19A1775E0039D18A /* KeychainItemWrapper.m in Sources */ = {isa = PBXBuildFile; fileRef = 3C76786E19A1775E0039D18A /* KeychainItemWrapper.m */; };
		3C76787119A177A30039D18A /* Security.framework in Frameworks */ = {isa = PBXBuildFile; fileRef = 3C76787019A177A30039D18A /* Security.framework */; };
		3C94B04219A4EA1D0027201A /* FullSize.m in Sources */ = {isa = PBXBuildFile; fileRef = 3C94B04119A4EA1D0027201A /* FullSize.m */; };
		3C94B04519A4EA1D0027201A /* Photos.m in Sources */ = {isa = PBXBuildFile; fileRef = 3C94B04419A4EA1D0027201A /* Photos.m */; };
		3C94B04D19A52DE00027201A /* CDFolderTableViewController.m in Sources */ = {isa = PBXBuildFile; fileRef = 3C94B04C19A52DE00027201A /* CDFolderTableViewController.m */; };
		3CAEBE3E1983457800E4002C /* main.m in Sources */ = {isa = PBXBuildFile; fileRef = 3CAEBE3D1983457800E4002C /* main.m */; };
		3CAEBE411983457800E4002C /* AppDelegate.m in Sources */ = {isa = PBXBuildFile; fileRef = 3CAEBE401983457800E4002C /* AppDelegate.m */; };
		3CAEBE441983457800E4002C /* ViewController.m in Sources */ = {isa = PBXBuildFile; fileRef = 3CAEBE431983457800E4002C /* ViewController.m */; };
		3CAEBE491983457800E4002C /* Images.xcassets in Resources */ = {isa = PBXBuildFile; fileRef = 3CAEBE481983457800E4002C /* Images.xcassets */; };
		3CAEBE551983457800E4002C /* MyPhotoLibraryTests.m in Sources */ = {isa = PBXBuildFile; fileRef = 3CAEBE541983457800E4002C /* MyPhotoLibraryTests.m */; };
		3CCEB94C1993DA6C002920EC /* Faulter.m in Sources */ = {isa = PBXBuildFile; fileRef = 3CCEB94B1993DA6C002920EC /* Faulter.m */; };
		3CD287B9199BE50600502FC9 /* SelectPhotoViewController.m in Sources */ = {isa = PBXBuildFile; fileRef = 3CD287B8199BE50600502FC9 /* SelectPhotoViewController.m */; };
		3CE04C1A198E554B0070E1B2 /* CoreDataGroupTVC.m in Sources */ = {isa = PBXBuildFile; fileRef = 3CE04C19198E554B0070E1B2 /* CoreDataGroupTVC.m */; };
		3CE67EE919A3F46700E94CAA /* CDMainVC.m in Sources */ = {isa = PBXBuildFile; fileRef = 3CE67EE819A3F46700E94CAA /* CDMainVC.m */; };
		3CE67EEB19A3F4FF00E94CAA /* Main.storyboard in Resources */ = {isa = PBXBuildFile; fileRef = 3CE67EEA19A3F4FF00E94CAA /* Main.storyboard */; };
		3CFA3C9C19896432005224F2 /* RBDetailViewController.m in Sources */ = {isa = PBXBuildFile; fileRef = 3CFA3C9B19896432005224F2 /* RBDetailViewController.m */; };
		3CFA3CA01989B320005224F2 /* MyPhoto.xcdatamodeld in Sources */ = {isa = PBXBuildFile; fileRef = 3CFA3C9E1989B320005224F2 /* MyPhoto.xcdatamodeld */; };
		3CFA3CA21989BAFC005224F2 /* CoreGraphics.framework in Frameworks */ = {isa = PBXBuildFile; fileRef = 3CFA3CA11989BAFC005224F2 /* CoreGraphics.framework */; };
		3CFA3CA61989C24F005224F2 /* CoreDataBaseVC.m in Sources */ = {isa = PBXBuildFile; fileRef = 3CFA3CA51989C24F005224F2 /* CoreDataBaseVC.m */; };
		3CFA3CAC1989CD46005224F2 /* Folders.m in Sources */ = {isa = PBXBuildFile; fileRef = 3CFA3CAB1989CD46005224F2 /* Folders.m */; };
		3CFA3CAF1989D283005224F2 /* CoreDataGroupVC.m in Sources */ = {isa = PBXBuildFile; fileRef = 3CFA3CAE1989D283005224F2 /* CoreDataGroupVC.m */; };
/* End PBXBuildFile section */

/* Begin PBXContainerItemProxy section */
		3CAEBE4F1983457800E4002C /* PBXContainerItemProxy */ = {
			isa = PBXContainerItemProxy;
			containerPortal = 3CAEBE301983457800E4002C /* Project object */;
			proxyType = 1;
			remoteGlobalIDString = 3CAEBE371983457800E4002C;
			remoteInfo = MyPhotoLibrary;
		};
/* End PBXContainerItemProxy section */

/* Begin PBXFileReference section */
		3C05E2351985C10D008C33E2 /* RBGroupViewController.h */ = {isa = PBXFileReference; fileEncoding = 4; lastKnownFileType = sourcecode.c.h; path = RBGroupViewController.h; sourceTree = "<group>"; };
		3C05E2361985C10D008C33E2 /* RBGroupViewController.m */ = {isa = PBXFileReference; fileEncoding = 4; lastKnownFileType = sourcecode.c.objc; path = RBGroupViewController.m; sourceTree = "<group>"; };
		3C064F8A19885DD0003BA399 /* CoreData.framework */ = {isa = PBXFileReference; lastKnownFileType = wrapper.framework; name = CoreData.framework; path = System/Library/Frameworks/CoreData.framework; sourceTree = SDKROOT; };
		3C064F8E19885EDB003BA399 /* CoreDataHelper.h */ = {isa = PBXFileReference; fileEncoding = 4; lastKnownFileType = sourcecode.c.h; path = CoreDataHelper.h; sourceTree = "<group>"; };
		3C064F8F19885EDB003BA399 /* CoreDataHelper.m */ = {isa = PBXFileReference; fileEncoding = 4; lastKnownFileType = sourcecode.c.objc; path = CoreDataHelper.m; sourceTree = "<group>"; };
		3C064F9119888B79003BA399 /* RBGroupTableViewCell.h */ = {isa = PBXFileReference; fileEncoding = 4; lastKnownFileType = sourcecode.c.h; path = RBGroupTableViewCell.h; sourceTree = "<group>"; };
		3C064F9219888B79003BA399 /* RBGroupTableViewCell.m */ = {isa = PBXFileReference; fileEncoding = 4; lastKnownFileType = sourcecode.c.objc; path = RBGroupTableViewCell.m; sourceTree = "<group>"; };
		3C18B361198702CB00EAA012 /* PasswordViewController.h */ = {isa = PBXFileReference; fileEncoding = 4; lastKnownFileType = sourcecode.c.h; path = PasswordViewController.h; sourceTree = "<group>"; };
		3C18B362198702CB00EAA012 /* PasswordViewController.m */ = {isa = PBXFileReference; fileEncoding = 4; lastKnownFileType = sourcecode.c.objc; path = PasswordViewController.m; sourceTree = "<group>"; };
		3C208B1E199B0FF600BA9F68 /* LibraryRootViewController.h */ = {isa = PBXFileReference; fileEncoding = 4; lastKnownFileType = sourcecode.c.h; path = LibraryRootViewController.h; sourceTree = "<group>"; };
		3C208B1F199B0FF600BA9F68 /* LibraryRootViewController.m */ = {isa = PBXFileReference; fileEncoding = 4; lastKnownFileType = sourcecode.c.objc; path = LibraryRootViewController.m; sourceTree = "<group>"; };
		3C208B21199B111700BA9F68 /* GridCollectionViewController.h */ = {isa = PBXFileReference; fileEncoding = 4; lastKnownFileType = sourcecode.c.h; path = GridCollectionViewController.h; sourceTree = "<group>"; };
		3C208B22199B111700BA9F68 /* GridCollectionViewController.m */ = {isa = PBXFileReference; fileEncoding = 4; lastKnownFileType = sourcecode.c.objc; path = GridCollectionViewController.m; sourceTree = "<group>"; };
		3C208B24199B114100BA9F68 /* GridCollectionViewCell.h */ = {isa = PBXFileReference; fileEncoding = 4; lastKnownFileType = sourcecode.c.h; path = GridCollectionViewCell.h; sourceTree = "<group>"; };
		3C208B25199B114100BA9F68 /* GridCollectionViewCell.m */ = {isa = PBXFileReference; fileEncoding = 4; lastKnownFileType = sourcecode.c.objc; path = GridCollectionViewCell.m; sourceTree = "<group>"; };
		3C2119CA199D377D002533B1 /* FetchGroupCollectionVC.h */ = {isa = PBXFileReference; fileEncoding = 4; lastKnownFileType = sourcecode.c.h; path = FetchGroupCollectionVC.h; sourceTree = "<group>"; };
		3C2119CB199D377D002533B1 /* FetchGroupCollectionVC.m */ = {isa = PBXFileReference; fileEncoding = 4; lastKnownFileType = sourcecode.c.objc; path = FetchGroupCollectionVC.m; sourceTree = "<group>"; };
		3C2119CD199D4C39002533B1 /* CDDetailViewController.h */ = {isa = PBXFileReference; fileEncoding = 4; lastKnownFileType = sourcecode.c.h; path = CDDetailViewController.h; sourceTree = "<group>"; };
		3C2119CE199D4C39002533B1 /* CDDetailViewController.m */ = {isa = PBXFileReference; fileEncoding = 4; lastKnownFileType = sourcecode.c.objc; path = CDDetailViewController.m; sourceTree = "<group>"; };
		3C337640199C4D55001029A8 /* CDGroupCell.h */ = {isa = PBXFileReference; fileEncoding = 4; lastKnownFileType = sourcecode.c.h; path = CDGroupCell.h; sourceTree = "<group>"; };
		3C337641199C4D55001029A8 /* CDGroupCell.m */ = {isa = PBXFileReference; fileEncoding = 4; lastKnownFileType = sourcecode.c.objc; path = CDGroupCell.m; sourceTree = "<group>"; };
		3C47EC1719A44FC400E87871 /* MyPhotoLibrary-Bridging-Header.h */ = {isa = PBXFileReference; lastKnownFileType = sourcecode.c.h; path = "MyPhotoLibrary-Bridging-Header.h"; sourceTree = "<group>"; };
		3C6299611991A3B300AAB9B6 /* MyPhotoLibrary.entitlements */ = {isa = PBXFileReference; lastKnownFileType = text.xml; path = MyPhotoLibrary.entitlements; sourceTree = "<group>"; };
		3C67D6DC19846BF40043213D /* AssetsLibrary.framework */ = {isa = PBXFileReference; lastKnownFileType = wrapper.framework; name = AssetsLibrary.framework; path = System/Library/Frameworks/AssetsLibrary.framework; sourceTree = SDKROOT; };
		3C67D6DE19847FCF0043213D /* RBLibraryTableViewCell.h */ = {isa = PBXFileReference; fileEncoding = 4; lastKnownFileType = sourcecode.c.h; path = RBLibraryTableViewCell.h; sourceTree = "<group>"; };
		3C67D6DF19847FCF0043213D /* RBLibraryTableViewCell.m */ = {isa = PBXFileReference; fileEncoding = 4; lastKnownFileType = sourcecode.c.objc; path = RBLibraryTableViewCell.m; sourceTree = "<group>"; };
		3C76786D19A1775E0039D18A /* KeychainItemWrapper.h */ = {isa = PBXFileReference; fileEncoding = 4; lastKnownFileType = sourcecode.c.h; path = KeychainItemWrapper.h; sourceTree = "<group>"; };
		3C76786E19A1775E0039D18A /* KeychainItemWrapper.m */ = {isa = PBXFileReference; fileEncoding = 4; lastKnownFileType = sourcecode.c.objc; path = KeychainItemWrapper.m; sourceTree = "<group>"; };
		3C76787019A177A30039D18A /* Security.framework */ = {isa = PBXFileReference; lastKnownFileType = wrapper.framework; name = Security.framework; path = System/Library/Frameworks/Security.framework; sourceTree = SDKROOT; };
		3C94B04019A4EA1D0027201A /* FullSize.h */ = {isa = PBXFileReference; fileEncoding = 4; lastKnownFileType = sourcecode.c.h; path = FullSize.h; sourceTree = "<group>"; };
		3C94B04119A4EA1D0027201A /* FullSize.m */ = {isa = PBXFileReference; fileEncoding = 4; lastKnownFileType = sourcecode.c.objc; path = FullSize.m; sourceTree = "<group>"; };
		3C94B04319A4EA1D0027201A /* Photos.h */ = {isa = PBXFileReference; fileEncoding = 4; lastKnownFileType = sourcecode.c.h; path = Photos.h; sourceTree = "<group>"; };
		3C94B04419A4EA1D0027201A /* Photos.m */ = {isa = PBXFileReference; fileEncoding = 4; lastKnownFileType = sourcecode.c.objc; path = Photos.m; sourceTree = "<group>"; };
		3C94B04B19A52DE00027201A /* CDFolderTableViewController.h */ = {isa = PBXFileReference; fileEncoding = 4; lastKnownFileType = sourcecode.c.h; path = CDFolderTableViewController.h; sourceTree = "<group>"; };
		3C94B04C19A52DE00027201A /* CDFolderTableViewController.m */ = {isa = PBXFileReference; fileEncoding = 4; lastKnownFileType = sourcecode.c.objc; path = CDFolderTableViewController.m; sourceTree = "<group>"; };
		3CAEBE381983457800E4002C /* MyPhotoLibrary.app */ = {isa = PBXFileReference; explicitFileType = wrapper.application; includeInIndex = 0; path = MyPhotoLibrary.app; sourceTree = BUILT_PRODUCTS_DIR; };
		3CAEBE3C1983457800E4002C /* Info.plist */ = {isa = PBXFileReference; lastKnownFileType = text.plist.xml; path = Info.plist; sourceTree = "<group>"; };
		3CAEBE3D1983457800E4002C /* main.m */ = {isa = PBXFileReference; lastKnownFileType = sourcecode.c.objc; path = main.m; sourceTree = "<group>"; };
		3CAEBE3F1983457800E4002C /* AppDelegate.h */ = {isa = PBXFileReference; lastKnownFileType = sourcecode.c.h; path = AppDelegate.h; sourceTree = "<group>"; };
		3CAEBE401983457800E4002C /* AppDelegate.m */ = {isa = PBXFileReference; lastKnownFileType = sourcecode.c.objc; path = AppDelegate.m; sourceTree = "<group>"; };
		3CAEBE421983457800E4002C /* ViewController.h */ = {isa = PBXFileReference; lastKnownFileType = sourcecode.c.h; path = ViewController.h; sourceTree = "<group>"; };
		3CAEBE431983457800E4002C /* ViewController.m */ = {isa = PBXFileReference; lastKnownFileType = sourcecode.c.objc; path = ViewController.m; sourceTree = "<group>"; };
		3CAEBE481983457800E4002C /* Images.xcassets */ = {isa = PBXFileReference; lastKnownFileType = folder.assetcatalog; path = Images.xcassets; sourceTree = "<group>"; };
		3CAEBE4E1983457800E4002C /* MyPhotoLibraryTests.xctest */ = {isa = PBXFileReference; explicitFileType = wrapper.cfbundle; includeInIndex = 0; path = MyPhotoLibraryTests.xctest; sourceTree = BUILT_PRODUCTS_DIR; };
		3CAEBE531983457800E4002C /* Info.plist */ = {isa = PBXFileReference; lastKnownFileType = text.plist.xml; path = Info.plist; sourceTree = "<group>"; };
		3CAEBE541983457800E4002C /* MyPhotoLibraryTests.m */ = {isa = PBXFileReference; lastKnownFileType = sourcecode.c.objc; path = MyPhotoLibraryTests.m; sourceTree = "<group>"; };
		3CAEBE5E198345C700E4002C /* LocalAuthentication.framework */ = {isa = PBXFileReference; lastKnownFileType = wrapper.framework; name = LocalAuthentication.framework; path = System/Library/Frameworks/LocalAuthentication.framework; sourceTree = SDKROOT; };
		3CCEB94A1993DA6C002920EC /* Faulter.h */ = {isa = PBXFileReference; fileEncoding = 4; lastKnownFileType = sourcecode.c.h; path = Faulter.h; sourceTree = "<group>"; };
		3CCEB94B1993DA6C002920EC /* Faulter.m */ = {isa = PBXFileReference; fileEncoding = 4; lastKnownFileType = sourcecode.c.objc; path = Faulter.m; sourceTree = "<group>"; };
		3CD287B7199BE50600502FC9 /* SelectPhotoViewController.h */ = {isa = PBXFileReference; fileEncoding = 4; lastKnownFileType = sourcecode.c.h; path = SelectPhotoViewController.h; sourceTree = "<group>"; };
		3CD287B8199BE50600502FC9 /* SelectPhotoViewController.m */ = {isa = PBXFileReference; fileEncoding = 4; lastKnownFileType = sourcecode.c.objc; path = SelectPhotoViewController.m; sourceTree = "<group>"; };
		3CE04C18198E554B0070E1B2 /* CoreDataGroupTVC.h */ = {isa = PBXFileReference; fileEncoding = 4; lastKnownFileType = sourcecode.c.h; path = CoreDataGroupTVC.h; sourceTree = "<group>"; };
		3CE04C19198E554B0070E1B2 /* CoreDataGroupTVC.m */ = {isa = PBXFileReference; fileEncoding = 4; lastKnownFileType = sourcecode.c.objc; path = CoreDataGroupTVC.m; sourceTree = "<group>"; };
		3CE67EE719A3F46700E94CAA /* CDMainVC.h */ = {isa = PBXFileReference; fileEncoding = 4; lastKnownFileType = sourcecode.c.h; path = CDMainVC.h; sourceTree = "<group>"; };
		3CE67EE819A3F46700E94CAA /* CDMainVC.m */ = {isa = PBXFileReference; fileEncoding = 4; lastKnownFileType = sourcecode.c.objc; path = CDMainVC.m; sourceTree = "<group>"; };
		3CE67EEA19A3F4FF00E94CAA /* Main.storyboard */ = {isa = PBXFileReference; fileEncoding = 4; lastKnownFileType = file.storyboard; path = Main.storyboard; sourceTree = "<group>"; };
		3CFA3C9A19896432005224F2 /* RBDetailViewController.h */ = {isa = PBXFileReference; fileEncoding = 4; lastKnownFileType = sourcecode.c.h; path = RBDetailViewController.h; sourceTree = "<group>"; };
		3CFA3C9B19896432005224F2 /* RBDetailViewController.m */ = {isa = PBXFileReference; fileEncoding = 4; lastKnownFileType = sourcecode.c.objc; path = RBDetailViewController.m; sourceTree = "<group>"; };
		3CFA3C9F1989B320005224F2 /* MyPhoto.xcdatamodel */ = {isa = PBXFileReference; lastKnownFileType = wrapper.xcdatamodel; path = MyPhoto.xcdatamodel; sourceTree = "<group>"; };
		3CFA3CA11989BAFC005224F2 /* CoreGraphics.framework */ = {isa = PBXFileReference; lastKnownFileType = wrapper.framework; name = CoreGraphics.framework; path = System/Library/Frameworks/CoreGraphics.framework; sourceTree = SDKROOT; };
		3CFA3CA41989C24F005224F2 /* CoreDataBaseVC.h */ = {isa = PBXFileReference; fileEncoding = 4; lastKnownFileType = sourcecode.c.h; path = CoreDataBaseVC.h; sourceTree = "<group>"; };
		3CFA3CA51989C24F005224F2 /* CoreDataBaseVC.m */ = {isa = PBXFileReference; fileEncoding = 4; lastKnownFileType = sourcecode.c.objc; path = CoreDataBaseVC.m; sourceTree = "<group>"; };
		3CFA3CAA1989CD46005224F2 /* Folders.h */ = {isa = PBXFileReference; fileEncoding = 4; lastKnownFileType = sourcecode.c.h; path = Folders.h; sourceTree = "<group>"; };
		3CFA3CAB1989CD46005224F2 /* Folders.m */ = {isa = PBXFileReference; fileEncoding = 4; lastKnownFileType = sourcecode.c.objc; path = Folders.m; sourceTree = "<group>"; };
		3CFA3CAD1989D283005224F2 /* CoreDataGroupVC.h */ = {isa = PBXFileReference; fileEncoding = 4; lastKnownFileType = sourcecode.c.h; path = CoreDataGroupVC.h; sourceTree = "<group>"; };
		3CFA3CAE1989D283005224F2 /* CoreDataGroupVC.m */ = {isa = PBXFileReference; fileEncoding = 4; lastKnownFileType = sourcecode.c.objc; path = CoreDataGroupVC.m; sourceTree = "<group>"; };
/* End PBXFileReference section */

/* Begin PBXFrameworksBuildPhase section */
		3CAEBE351983457800E4002C /* Frameworks */ = {
			isa = PBXFrameworksBuildPhase;
			buildActionMask = 2147483647;
			files = (
				3C76787119A177A30039D18A /* Security.framework in Frameworks */,
				3CFA3CA21989BAFC005224F2 /* CoreGraphics.framework in Frameworks */,
				3C064F8B19885DD0003BA399 /* CoreData.framework in Frameworks */,
				3C67D6DD19846BF40043213D /* AssetsLibrary.framework in Frameworks */,
			);
			runOnlyForDeploymentPostprocessing = 0;
		};
		3CAEBE4B1983457800E4002C /* Frameworks */ = {
			isa = PBXFrameworksBuildPhase;
			buildActionMask = 2147483647;
			files = (
			);
			runOnlyForDeploymentPostprocessing = 0;
		};
/* End PBXFrameworksBuildPhase section */

/* Begin PBXGroup section */
		3C064F8D19885E2C003BA399 /* Core Data Classes */ = {
			isa = PBXGroup;
			children = (
				3C064F8E19885EDB003BA399 /* CoreDataHelper.h */,
				3C064F8F19885EDB003BA399 /* CoreDataHelper.m */,
				3CFA3C9E1989B320005224F2 /* MyPhoto.xcdatamodeld */,
				3C94B04319A4EA1D0027201A /* Photos.h */,
				3C94B04419A4EA1D0027201A /* Photos.m */,
				3C94B04019A4EA1D0027201A /* FullSize.h */,
				3C94B04119A4EA1D0027201A /* FullSize.m */,
				3CFA3CAA1989CD46005224F2 /* Folders.h */,
				3CFA3CAB1989CD46005224F2 /* Folders.m */,
				3CCEB94A1993DA6C002920EC /* Faulter.h */,
				3CCEB94B1993DA6C002920EC /* Faulter.m */,
				3C47EC1719A44FC400E87871 /* MyPhotoLibrary-Bridging-Header.h */,
			);
			name = "Core Data Classes";
			sourceTree = "<group>";
		};
		3C208B1D199B0EDB00BA9F68 /* PHAssetViewControllers */ = {
			isa = PBXGroup;
			children = (
				3CD287B7199BE50600502FC9 /* SelectPhotoViewController.h */,
				3CD287B8199BE50600502FC9 /* SelectPhotoViewController.m */,
				3C208B24199B114100BA9F68 /* GridCollectionViewCell.h */,
				3C208B25199B114100BA9F68 /* GridCollectionViewCell.m */,
				3C208B21199B111700BA9F68 /* GridCollectionViewController.h */,
				3C208B22199B111700BA9F68 /* GridCollectionViewController.m */,
				3C208B1E199B0FF600BA9F68 /* LibraryRootViewController.h */,
				3C208B1F199B0FF600BA9F68 /* LibraryRootViewController.m */,
			);
			name = PHAssetViewControllers;
			sourceTree = "<group>";
		};
		3CAEBE2F1983457700E4002C = {
			isa = PBXGroup;
			children = (
				3C76787019A177A30039D18A /* Security.framework */,
				3CFA3CA11989BAFC005224F2 /* CoreGraphics.framework */,
				3C064F8A19885DD0003BA399 /* CoreData.framework */,
				3C67D6DC19846BF40043213D /* AssetsLibrary.framework */,
				3CAEBE5E198345C700E4002C /* LocalAuthentication.framework */,
				3CAEBE3A1983457800E4002C /* MyPhotoLibrary */,
				3CAEBE511983457800E4002C /* MyPhotoLibraryTests */,
				3CAEBE391983457800E4002C /* Products */,
			);
			sourceTree = "<group>";
		};
		3CAEBE391983457800E4002C /* Products */ = {
			isa = PBXGroup;
			children = (
				3CAEBE381983457800E4002C /* MyPhotoLibrary.app */,
				3CAEBE4E1983457800E4002C /* MyPhotoLibraryTests.xctest */,
			);
			name = Products;
			sourceTree = "<group>";
		};
		3CAEBE3A1983457800E4002C /* MyPhotoLibrary */ = {
			isa = PBXGroup;
			children = (
				3C208B1D199B0EDB00BA9F68 /* PHAssetViewControllers */,
				3C6299611991A3B300AAB9B6 /* MyPhotoLibrary.entitlements */,
				3CFA3CA31989C1D8005224F2 /* CoreData ViewControllers */,
				3CFA3C9D19896451005224F2 /* Other */,
				3C064F8D19885E2C003BA399 /* Core Data Classes */,
				3CAEBE3F1983457800E4002C /* AppDelegate.h */,
				3CAEBE401983457800E4002C /* AppDelegate.m */,
				3CAEBE421983457800E4002C /* ViewController.h */,
				3CAEBE431983457800E4002C /* ViewController.m */,
				3CAEBE481983457800E4002C /* Images.xcassets */,
				3CE67EEA19A3F4FF00E94CAA /* Main.storyboard */,
				3CAEBE3B1983457800E4002C /* Supporting Files */,
				3C67D6DE19847FCF0043213D /* RBLibraryTableViewCell.h */,
				3C67D6DF19847FCF0043213D /* RBLibraryTableViewCell.m */,
				3C05E2351985C10D008C33E2 /* RBGroupViewController.h */,
				3C05E2361985C10D008C33E2 /* RBGroupViewController.m */,
				3C064F9119888B79003BA399 /* RBGroupTableViewCell.h */,
				3C064F9219888B79003BA399 /* RBGroupTableViewCell.m */,
				3CFA3C9A19896432005224F2 /* RBDetailViewController.h */,
				3CFA3C9B19896432005224F2 /* RBDetailViewController.m */,
			);
			path = MyPhotoLibrary;
			sourceTree = "<group>";
		};
		3CAEBE3B1983457800E4002C /* Supporting Files */ = {
			isa = PBXGroup;
			children = (
				3CAEBE3C1983457800E4002C /* Info.plist */,
				3CAEBE3D1983457800E4002C /* main.m */,
			);
			name = "Supporting Files";
			sourceTree = "<group>";
		};
		3CAEBE511983457800E4002C /* MyPhotoLibraryTests */ = {
			isa = PBXGroup;
			children = (
				3CAEBE541983457800E4002C /* MyPhotoLibraryTests.m */,
				3CAEBE521983457800E4002C /* Supporting Files */,
			);
			path = MyPhotoLibraryTests;
			sourceTree = "<group>";
		};
		3CAEBE521983457800E4002C /* Supporting Files */ = {
			isa = PBXGroup;
			children = (
				3CAEBE531983457800E4002C /* Info.plist */,
			);
			name = "Supporting Files";
			sourceTree = "<group>";
		};
		3CFA3C9D19896451005224F2 /* Other */ = {
			isa = PBXGroup;
			children = (
				3C76786D19A1775E0039D18A /* KeychainItemWrapper.h */,
				3C76786E19A1775E0039D18A /* KeychainItemWrapper.m */,
				3C18B362198702CB00EAA012 /* PasswordViewController.m */,
				3C18B361198702CB00EAA012 /* PasswordViewController.h */,
			);
			name = Other;
			sourceTree = "<group>";
		};
		3CFA3CA31989C1D8005224F2 /* CoreData ViewControllers */ = {
			isa = PBXGroup;
			children = (
				3CFA3CA41989C24F005224F2 /* CoreDataBaseVC.h */,
				3CFA3CA51989C24F005224F2 /* CoreDataBaseVC.m */,
				3CFA3CAD1989D283005224F2 /* CoreDataGroupVC.h */,
				3CFA3CAE1989D283005224F2 /* CoreDataGroupVC.m */,
				3CE04C18198E554B0070E1B2 /* CoreDataGroupTVC.h */,
				3CE04C19198E554B0070E1B2 /* CoreDataGroupTVC.m */,
				3C337640199C4D55001029A8 /* CDGroupCell.h */,
				3C337641199C4D55001029A8 /* CDGroupCell.m */,
				3C2119CA199D377D002533B1 /* FetchGroupCollectionVC.h */,
				3C2119CB199D377D002533B1 /* FetchGroupCollectionVC.m */,
				3C2119CD199D4C39002533B1 /* CDDetailViewController.h */,
				3C2119CE199D4C39002533B1 /* CDDetailViewController.m */,
				3CE67EE719A3F46700E94CAA /* CDMainVC.h */,
				3CE67EE819A3F46700E94CAA /* CDMainVC.m */,
				3C94B04B19A52DE00027201A /* CDFolderTableViewController.h */,
				3C94B04C19A52DE00027201A /* CDFolderTableViewController.m */,
			);
			name = "CoreData ViewControllers";
			sourceTree = "<group>";
		};
/* End PBXGroup section */

/* Begin PBXNativeTarget section */
		3CAEBE371983457800E4002C /* MyPhotoLibrary */ = {
			isa = PBXNativeTarget;
			buildConfigurationList = 3CAEBE581983457800E4002C /* Build configuration list for PBXNativeTarget "MyPhotoLibrary" */;
			buildPhases = (
				3CAEBE341983457800E4002C /* Sources */,
				3CAEBE351983457800E4002C /* Frameworks */,
				3CAEBE361983457800E4002C /* Resources */,
			);
			buildRules = (
			);
			dependencies = (
			);
			name = MyPhotoLibrary;
			productName = MyPhotoLibrary;
			productReference = 3CAEBE381983457800E4002C /* MyPhotoLibrary.app */;
			productType = "com.apple.product-type.application";
		};
		3CAEBE4D1983457800E4002C /* MyPhotoLibraryTests */ = {
			isa = PBXNativeTarget;
			buildConfigurationList = 3CAEBE5B1983457800E4002C /* Build configuration list for PBXNativeTarget "MyPhotoLibraryTests" */;
			buildPhases = (
				3CAEBE4A1983457800E4002C /* Sources */,
				3CAEBE4B1983457800E4002C /* Frameworks */,
				3CAEBE4C1983457800E4002C /* Resources */,
			);
			buildRules = (
			);
			dependencies = (
				3CAEBE501983457800E4002C /* PBXTargetDependency */,
			);
			name = MyPhotoLibraryTests;
			productName = MyPhotoLibraryTests;
			productReference = 3CAEBE4E1983457800E4002C /* MyPhotoLibraryTests.xctest */;
			productType = "com.apple.product-type.bundle.unit-test";
		};
/* End PBXNativeTarget section */

/* Begin PBXProject section */
		3CAEBE301983457800E4002C /* Project object */ = {
			isa = PBXProject;
			attributes = {
				LastUpgradeCheck = 0600;
				ORGANIZATIONNAME = Bob_Burns;
				TargetAttributes = {
					3CAEBE371983457800E4002C = {
						CreatedOnToolsVersion = 6.0;
						DevelopmentTeam = 7G78W2P3N5;
						SystemCapabilities = {
							com.apple.Keychain = {
								enabled = 0;
							};
							com.apple.iCloud = {
								enabled = 0;
							};
						};
					};
					3CAEBE4D1983457800E4002C = {
						CreatedOnToolsVersion = 6.0;
						TestTargetID = 3CAEBE371983457800E4002C;
					};
				};
			};
			buildConfigurationList = 3CAEBE331983457800E4002C /* Build configuration list for PBXProject "MyPhotoLibrary" */;
			compatibilityVersion = "Xcode 3.2";
			developmentRegion = English;
			hasScannedForEncodings = 0;
			knownRegions = (
				en,
				Base,
			);
			mainGroup = 3CAEBE2F1983457700E4002C;
			productRefGroup = 3CAEBE391983457800E4002C /* Products */;
			projectDirPath = "";
			projectRoot = "";
			targets = (
				3CAEBE371983457800E4002C /* MyPhotoLibrary */,
				3CAEBE4D1983457800E4002C /* MyPhotoLibraryTests */,
			);
		};
/* End PBXProject section */

/* Begin PBXResourcesBuildPhase section */
		3CAEBE361983457800E4002C /* Resources */ = {
			isa = PBXResourcesBuildPhase;
			buildActionMask = 2147483647;
			files = (
				3CAEBE491983457800E4002C /* Images.xcassets in Resources */,
				3CE67EEB19A3F4FF00E94CAA /* Main.storyboard in Resources */,
			);
			runOnlyForDeploymentPostprocessing = 0;
		};
		3CAEBE4C1983457800E4002C /* Resources */ = {
			isa = PBXResourcesBuildPhase;
			buildActionMask = 2147483647;
			files = (
			);
			runOnlyForDeploymentPostprocessing = 0;
		};
/* End PBXResourcesBuildPhase section */

/* Begin PBXSourcesBuildPhase section */
		3CAEBE341983457800E4002C /* Sources */ = {
			isa = PBXSourcesBuildPhase;
			buildActionMask = 2147483647;
			files = (
				3CAEBE441983457800E4002C /* ViewController.m in Sources */,
				3C208B26199B114100BA9F68 /* GridCollectionViewCell.m in Sources */,
				3CFA3C9C19896432005224F2 /* RBDetailViewController.m in Sources */,
				3C2119CF199D4C39002533B1 /* CDDetailViewController.m in Sources */,
				3CFA3CA01989B320005224F2 /* MyPhoto.xcdatamodeld in Sources */,
				3CAEBE411983457800E4002C /* AppDelegate.m in Sources */,
				3C2119CC199D377D002533B1 /* FetchGroupCollectionVC.m in Sources */,
				3CFA3CAC1989CD46005224F2 /* Folders.m in Sources */,
				3CFA3CAF1989D283005224F2 /* CoreDataGroupVC.m in Sources */,
				3CE67EE919A3F46700E94CAA /* CDMainVC.m in Sources */,
				3C208B20199B0FF600BA9F68 /* LibraryRootViewController.m in Sources */,
				3CCEB94C1993DA6C002920EC /* Faulter.m in Sources */,
				3CE04C1A198E554B0070E1B2 /* CoreDataGroupTVC.m in Sources */,
				3C208B23199B111700BA9F68 /* GridCollectionViewController.m in Sources */,
				3C94B04219A4EA1D0027201A /* FullSize.m in Sources */,
				3C94B04D19A52DE00027201A /* CDFolderTableViewController.m in Sources */,
				3CAEBE3E1983457800E4002C /* main.m in Sources */,
				3CFA3CA61989C24F005224F2 /* CoreDataBaseVC.m in Sources */,
				3C05E2371985C10D008C33E2 /* RBGroupViewController.m in Sources */,
				3CD287B9199BE50600502FC9 /* SelectPhotoViewController.m in Sources */,
				3C67D6E019847FCF0043213D /* RBLibraryTableViewCell.m in Sources */,
				3C94B04519A4EA1D0027201A /* Photos.m in Sources */,
				3C064F9319888B79003BA399 /* RBGroupTableViewCell.m in Sources */,
				3C76786F19A1775E0039D18A /* KeychainItemWrapper.m in Sources */,
				3C18B363198702CB00EAA012 /* PasswordViewController.m in Sources */,
				3C337642199C4D55001029A8 /* CDGroupCell.m in Sources */,
				3C064F9019885EDB003BA399 /* CoreDataHelper.m in Sources */,
			);
			runOnlyForDeploymentPostprocessing = 0;
		};
		3CAEBE4A1983457800E4002C /* Sources */ = {
			isa = PBXSourcesBuildPhase;
			buildActionMask = 2147483647;
			files = (
				3CAEBE551983457800E4002C /* MyPhotoLibraryTests.m in Sources */,
			);
			runOnlyForDeploymentPostprocessing = 0;
		};
/* End PBXSourcesBuildPhase section */

/* Begin PBXTargetDependency section */
		3CAEBE501983457800E4002C /* PBXTargetDependency */ = {
			isa = PBXTargetDependency;
			target = 3CAEBE371983457800E4002C /* MyPhotoLibrary */;
			targetProxy = 3CAEBE4F1983457800E4002C /* PBXContainerItemProxy */;
		};
/* End PBXTargetDependency section */

/* Begin XCBuildConfiguration section */
		3CAEBE561983457800E4002C /* Debug */ = {
			isa = XCBuildConfiguration;
			buildSettings = {
				ALWAYS_SEARCH_USER_PATHS = NO;
				CLANG_CXX_LANGUAGE_STANDARD = "gnu++0x";
				CLANG_CXX_LIBRARY = "libc++";
				CLANG_ENABLE_MODULES = YES;
				CLANG_ENABLE_OBJC_ARC = YES;
				CLANG_WARN_BOOL_CONVERSION = YES;
				CLANG_WARN_CONSTANT_CONVERSION = YES;
				CLANG_WARN_DIRECT_OBJC_ISA_USAGE = YES_ERROR;
				CLANG_WARN_EMPTY_BODY = YES;
				CLANG_WARN_ENUM_CONVERSION = YES;
				CLANG_WARN_INT_CONVERSION = YES;
				CLANG_WARN_OBJC_ROOT_CLASS = YES_ERROR;
				CLANG_WARN_UNREACHABLE_CODE = YES;
				CLANG_WARN__DUPLICATE_METHOD_MATCH = YES;
				"CODE_SIGN_IDENTITY[sdk=iphoneos*]" = "iPhone Developer";
				COPY_PHASE_STRIP = NO;
				ENABLE_STRICT_OBJC_MSGSEND = YES;
				GCC_C_LANGUAGE_STANDARD = gnu99;
				GCC_DYNAMIC_NO_PIC = NO;
				GCC_OPTIMIZATION_LEVEL = 0;
				GCC_PREPROCESSOR_DEFINITIONS = (
					"DEBUG=1",
					"$(inherited)",
				);
				GCC_SYMBOLS_PRIVATE_EXTERN = NO;
				GCC_WARN_64_TO_32_BIT_CONVERSION = YES;
				GCC_WARN_ABOUT_RETURN_TYPE = YES_ERROR;
				GCC_WARN_UNDECLARED_SELECTOR = YES;
				GCC_WARN_UNINITIALIZED_AUTOS = YES_AGGRESSIVE;
				GCC_WARN_UNUSED_FUNCTION = YES;
				GCC_WARN_UNUSED_VARIABLE = YES;
				IPHONEOS_DEPLOYMENT_TARGET = 8.0;
				MTL_ENABLE_DEBUG_INFO = YES;
				ONLY_ACTIVE_ARCH = YES;
				SDKROOT = iphoneos;
			};
			name = Debug;
		};
		3CAEBE571983457800E4002C /* Release */ = {
			isa = XCBuildConfiguration;
			buildSettings = {
				ALWAYS_SEARCH_USER_PATHS = NO;
				CLANG_CXX_LANGUAGE_STANDARD = "gnu++0x";
				CLANG_CXX_LIBRARY = "libc++";
				CLANG_ENABLE_MODULES = YES;
				CLANG_ENABLE_OBJC_ARC = YES;
				CLANG_WARN_BOOL_CONVERSION = YES;
				CLANG_WARN_CONSTANT_CONVERSION = YES;
				CLANG_WARN_DIRECT_OBJC_ISA_USAGE = YES_ERROR;
				CLANG_WARN_EMPTY_BODY = YES;
				CLANG_WARN_ENUM_CONVERSION = YES;
				CLANG_WARN_INT_CONVERSION = YES;
				CLANG_WARN_OBJC_ROOT_CLASS = YES_ERROR;
				CLANG_WARN_UNREACHABLE_CODE = YES;
				CLANG_WARN__DUPLICATE_METHOD_MATCH = YES;
				"CODE_SIGN_IDENTITY[sdk=iphoneos*]" = "iPhone Developer";
				COPY_PHASE_STRIP = YES;
				ENABLE_NS_ASSERTIONS = NO;
				ENABLE_STRICT_OBJC_MSGSEND = YES;
				GCC_C_LANGUAGE_STANDARD = gnu99;
				GCC_WARN_64_TO_32_BIT_CONVERSION = YES;
				GCC_WARN_ABOUT_RETURN_TYPE = YES_ERROR;
				GCC_WARN_UNDECLARED_SELECTOR = YES;
				GCC_WARN_UNINITIALIZED_AUTOS = YES_AGGRESSIVE;
				GCC_WARN_UNUSED_FUNCTION = YES;
				GCC_WARN_UNUSED_VARIABLE = YES;
				IPHONEOS_DEPLOYMENT_TARGET = 8.0;
				MTL_ENABLE_DEBUG_INFO = NO;
				SDKROOT = iphoneos;
				VALIDATE_PRODUCT = YES;
			};
			name = Release;
		};
		3CAEBE591983457800E4002C /* Debug */ = {
			isa = XCBuildConfiguration;
			buildSettings = {
				ASSETCATALOG_COMPILER_APPICON_NAME = AppIcon;
				ASSETCATALOG_COMPILER_LAUNCHIMAGE_NAME = LaunchImage;
				CLANG_ENABLE_MODULES = YES;
				CODE_SIGN_IDENTITY = "iPhone Developer";
				"CODE_SIGN_IDENTITY[sdk=iphoneos*]" = "iPhone Developer";
				INFOPLIST_FILE = MyPhotoLibrary/Info.plist;
				IPHONEOS_DEPLOYMENT_TARGET = 8.0;
				LD_RUNPATH_SEARCH_PATHS = "$(inherited) @executable_path/Frameworks";
				PRODUCT_NAME = "$(TARGET_NAME)";
				PROVISIONING_PROFILE = "";
				SWIFT_OBJC_BRIDGING_HEADER = "MyPhotoLibrary/MyPhotoLibrary-Bridging-Header.h";
				SWIFT_OPTIMIZATION_LEVEL = "-Onone";
				TARGETED_DEVICE_FAMILY = "1,2";
			};
			name = Debug;
		};
		3CAEBE5A1983457800E4002C /* Release */ = {
			isa = XCBuildConfiguration;
			buildSettings = {
				ASSETCATALOG_COMPILER_APPICON_NAME = AppIcon;
				ASSETCATALOG_COMPILER_LAUNCHIMAGE_NAME = LaunchImage;
				CLANG_ENABLE_MODULES = YES;
				CODE_SIGN_IDENTITY = "iPhone Developer";
				"CODE_SIGN_IDENTITY[sdk=iphoneos*]" = "iPhone Developer";
				INFOPLIST_FILE = MyPhotoLibrary/Info.plist;
				IPHONEOS_DEPLOYMENT_TARGET = 8.0;
				LD_RUNPATH_SEARCH_PATHS = "$(inherited) @executable_path/Frameworks";
				PRODUCT_NAME = "$(TARGET_NAME)";
				PROVISIONING_PROFILE = "";
				SWIFT_OBJC_BRIDGING_HEADER = "MyPhotoLibrary/MyPhotoLibrary-Bridging-Header.h";
				TARGETED_DEVICE_FAMILY = "1,2";
			};
			name = Release;
		};
		3CAEBE5C1983457800E4002C /* Debug */ = {
			isa = XCBuildConfiguration;
			buildSettings = {
				BUNDLE_LOADER = "$(BUILT_PRODUCTS_DIR)/MyPhotoLibrary.app/MyPhotoLibrary";
				FRAMEWORK_SEARCH_PATHS = (
					"$(SDKROOT)/Developer/Library/Frameworks",
					"$(inherited)",
				);
				GCC_PREPROCESSOR_DEFINITIONS = (
					"DEBUG=1",
					"$(inherited)",
				);
				INFOPLIST_FILE = MyPhotoLibraryTests/Info.plist;
				LD_RUNPATH_SEARCH_PATHS = "$(inherited) @executable_path/Frameworks @loader_path/Frameworks";
				PRODUCT_NAME = "$(TARGET_NAME)";
				TEST_HOST = "$(BUNDLE_LOADER)";
			};
			name = Debug;
		};
		3CAEBE5D1983457800E4002C /* Release */ = {
			isa = XCBuildConfiguration;
			buildSettings = {
				BUNDLE_LOADER = "$(BUILT_PRODUCTS_DIR)/MyPhotoLibrary.app/MyPhotoLibrary";
				FRAMEWORK_SEARCH_PATHS = (
					"$(SDKROOT)/Developer/Library/Frameworks",
					"$(inherited)",
				);
				INFOPLIST_FILE = MyPhotoLibraryTests/Info.plist;
				LD_RUNPATH_SEARCH_PATHS = "$(inherited) @executable_path/Frameworks @loader_path/Frameworks";
				PRODUCT_NAME = "$(TARGET_NAME)";
				TEST_HOST = "$(BUNDLE_LOADER)";
			};
			name = Release;
		};
/* End XCBuildConfiguration section */

/* Begin XCConfigurationList section */
		3CAEBE331983457800E4002C /* Build configuration list for PBXProject "MyPhotoLibrary" */ = {
			isa = XCConfigurationList;
			buildConfigurations = (
				3CAEBE561983457800E4002C /* Debug */,
				3CAEBE571983457800E4002C /* Release */,
			);
			defaultConfigurationIsVisible = 0;
			defaultConfigurationName = Release;
		};
		3CAEBE581983457800E4002C /* Build configuration list for PBXNativeTarget "MyPhotoLibrary" */ = {
			isa = XCConfigurationList;
			buildConfigurations = (
				3CAEBE591983457800E4002C /* Debug */,
				3CAEBE5A1983457800E4002C /* Release */,
			);
			defaultConfigurationIsVisible = 0;
			defaultConfigurationName = Release;
		};
		3CAEBE5B1983457800E4002C /* Build configuration list for PBXNativeTarget "MyPhotoLibraryTests" */ = {
			isa = XCConfigurationList;
			buildConfigurations = (
				3CAEBE5C1983457800E4002C /* Debug */,
				3CAEBE5D1983457800E4002C /* Release */,
			);
			defaultConfigurationIsVisible = 0;
			defaultConfigurationName = Release;
		};
/* End XCConfigurationList section */

/* Begin XCVersionGroup section */
		3CFA3C9E1989B320005224F2 /* MyPhoto.xcdatamodeld */ = {
			isa = XCVersionGroup;
			children = (
				3CFA3C9F1989B320005224F2 /* MyPhoto.xcdatamodel */,
			);
			currentVersion = 3CFA3C9F1989B320005224F2 /* MyPhoto.xcdatamodel */;
			path = MyPhoto.xcdatamodeld;
			sourceTree = "<group>";
			versionGroupType = wrapper.xcdatamodel;
		};
/* End XCVersionGroup section */
	};
	rootObject = 3CAEBE301983457800E4002C /* Project object */;
}
